// !$*UTF8*$!
{
	archiveVersion = 1;
	classes = {
	};
	objectVersion = 50;
	objects = {

/* Begin PBXBuildFile section */
		53EFEA4C20A2344D00A38B51 /* AppDelegate.swift in Sources */ = {isa = PBXBuildFile; fileRef = 53EFEA4B20A2344D00A38B51 /* AppDelegate.swift */; };
		53EFEA4E20A2344D00A38B51 /* ViewController.swift in Sources */ = {isa = PBXBuildFile; fileRef = 53EFEA4D20A2344D00A38B51 /* ViewController.swift */; };
		53EFEA5120A2344D00A38B51 /* Main.storyboard in Resources */ = {isa = PBXBuildFile; fileRef = 53EFEA4F20A2344D00A38B51 /* Main.storyboard */; };
		53EFEA5320A2344E00A38B51 /* Assets.xcassets in Resources */ = {isa = PBXBuildFile; fileRef = 53EFEA5220A2344E00A38B51 /* Assets.xcassets */; };
		53EFEA5620A2344E00A38B51 /* LaunchScreen.storyboard in Resources */ = {isa = PBXBuildFile; fileRef = 53EFEA5420A2344E00A38B51 /* LaunchScreen.storyboard */; };
		53EFEA6220A23D8500A38B51 /* CardView.swift in Sources */ = {isa = PBXBuildFile; fileRef = 53EFEA6120A23D8500A38B51 /* CardView.swift */; };
		53EFEA6420A256DB00A38B51 /* CardsManager.swift in Sources */ = {isa = PBXBuildFile; fileRef = 53EFEA6320A256DB00A38B51 /* CardsManager.swift */; };
/* End PBXBuildFile section */

/* Begin PBXFileReference section */
		53EFEA4820A2344D00A38B51 /* blackjack.app */ = {isa = PBXFileReference; explicitFileType = wrapper.application; includeInIndex = 0; path = blackjack.app; sourceTree = BUILT_PRODUCTS_DIR; };
		53EFEA4B20A2344D00A38B51 /* AppDelegate.swift */ = {isa = PBXFileReference; lastKnownFileType = sourcecode.swift; path = AppDelegate.swift; sourceTree = "<group>"; };
		53EFEA4D20A2344D00A38B51 /* ViewController.swift */ = {isa = PBXFileReference; lastKnownFileType = sourcecode.swift; path = ViewController.swift; sourceTree = "<group>"; };
		53EFEA5020A2344D00A38B51 /* Base */ = {isa = PBXFileReference; lastKnownFileType = file.storyboard; name = Base; path = Base.lproj/Main.storyboard; sourceTree = "<group>"; };
		53EFEA5220A2344E00A38B51 /* Assets.xcassets */ = {isa = PBXFileReference; lastKnownFileType = folder.assetcatalog; path = Assets.xcassets; sourceTree = "<group>"; };
		53EFEA5520A2344E00A38B51 /* Base */ = {isa = PBXFileReference; lastKnownFileType = file.storyboard; name = Base; path = Base.lproj/LaunchScreen.storyboard; sourceTree = "<group>"; };
		53EFEA5720A2344E00A38B51 /* Info.plist */ = {isa = PBXFileReference; lastKnownFileType = text.plist.xml; path = Info.plist; sourceTree = "<group>"; };
		53EFEA6120A23D8500A38B51 /* CardView.swift */ = {isa = PBXFileReference; lastKnownFileType = sourcecode.swift; path = CardView.swift; sourceTree = "<group>"; };
		53EFEA6320A256DB00A38B51 /* CardsManager.swift */ = {isa = PBXFileReference; lastKnownFileType = sourcecode.swift; path = CardsManager.swift; sourceTree = "<group>"; };
/* End PBXFileReference section */

/* Begin PBXFrameworksBuildPhase section */
		53EFEA4520A2344D00A38B51 /* Frameworks */ = {
			isa = PBXFrameworksBuildPhase;
			buildActionMask = 2147483647;
			files = (
			);
			runOnlyForDeploymentPostprocessing = 0;
		};
/* End PBXFrameworksBuildPhase section */

/* Begin PBXGroup section */
		53EFEA3F20A2344D00A38B51 = {
			isa = PBXGroup;
			children = (
				53EFEA4A20A2344D00A38B51 /* blackjack */,
				53EFEA4920A2344D00A38B51 /* Products */,
			);
			sourceTree = "<group>";
		};
		53EFEA4920A2344D00A38B51 /* Products */ = {
			isa = PBXGroup;
			children = (
				53EFEA4820A2344D00A38B51 /* blackjack.app */,
			);
			name = Products;
			sourceTree = "<group>";
		};
		53EFEA4A20A2344D00A38B51 /* blackjack */ = {
			isa = PBXGroup;
			children = (
				53EFEA5E20A2354300A38B51 /* supporting files */,
				53EFEA4D20A2344D00A38B51 /* ViewController.swift */,
				53EFEA6320A256DB00A38B51 /* CardsManager.swift */,
				53EFEA4F20A2344D00A38B51 /* Main.storyboard */,
				53EFEA6120A23D8500A38B51 /* CardView.swift */,
				53EFEA5220A2344E00A38B51 /* Assets.xcassets */,
				53EFEA5720A2344E00A38B51 /* Info.plist */,
			);
			path = blackjack;
			sourceTree = "<group>";
		};
		53EFEA5E20A2354300A38B51 /* supporting files */ = {
			isa = PBXGroup;
			children = (
				53EFEA4B20A2344D00A38B51 /* AppDelegate.swift */,
				53EFEA5420A2344E00A38B51 /* LaunchScreen.storyboard */,
			);
			path = "supporting files";
			sourceTree = "<group>";
		};
/* End PBXGroup section */

/* Begin PBXNativeTarget section */
		53EFEA4720A2344D00A38B51 /* blackjack */ = {
			isa = PBXNativeTarget;
			buildConfigurationList = 53EFEA5A20A2344E00A38B51 /* Build configuration list for PBXNativeTarget "blackjack" */;
			buildPhases = (
				53EFEA4420A2344D00A38B51 /* Sources */,
				53EFEA4520A2344D00A38B51 /* Frameworks */,
				53EFEA4620A2344D00A38B51 /* Resources */,
			);
			buildRules = (
			);
			dependencies = (
			);
			name = blackjack;
			productName = blackjack;
			productReference = 53EFEA4820A2344D00A38B51 /* blackjack.app */;
			productType = "com.apple.product-type.application";
		};
/* End PBXNativeTarget section */

/* Begin PBXProject section */
		53EFEA4020A2344D00A38B51 /* Project object */ = {
			isa = PBXProject;
			attributes = {
				LastSwiftUpdateCheck = 0930;
				LastUpgradeCheck = 0930;
				ORGANIZATIONNAME = ulima;
				TargetAttributes = {
					53EFEA4720A2344D00A38B51 = {
						CreatedOnToolsVersion = 9.3;
					};
				};
			};
			buildConfigurationList = 53EFEA4320A2344D00A38B51 /* Build configuration list for PBXProject "blackjack" */;
			compatibilityVersion = "Xcode 9.3";
			developmentRegion = en;
			hasScannedForEncodings = 0;
			knownRegions = (
				en,
				Base,
			);
			mainGroup = 53EFEA3F20A2344D00A38B51;
			productRefGroup = 53EFEA4920A2344D00A38B51 /* Products */;
			projectDirPath = "";
			projectRoot = "";
			targets = (
				53EFEA4720A2344D00A38B51 /* blackjack */,
			);
		};
/* End PBXProject section */

/* Begin PBXResourcesBuildPhase section */
		53EFEA4620A2344D00A38B51 /* Resources */ = {
			isa = PBXResourcesBuildPhase;
			buildActionMask = 2147483647;
			files = (
				53EFEA5620A2344E00A38B51 /* LaunchScreen.storyboard in Resources */,
				53EFEA5320A2344E00A38B51 /* Assets.xcassets in Resources */,
				53EFEA5120A2344D00A38B51 /* Main.storyboard in Resources */,
			);
			runOnlyForDeploymentPostprocessing = 0;
		};
/* End PBXResourcesBuildPhase section */

/* Begin PBXSourcesBuildPhase section */
		53EFEA4420A2344D00A38B51 /* Sources */ = {
			isa = PBXSourcesBuildPhase;
			buildActionMask = 2147483647;
			files = (
				53EFEA6220A23D8500A38B51 /* CardView.swift in Sources */,
				53EFEA6420A256DB00A38B51 /* CardsManager.swift in Sources */,
				53EFEA4E20A2344D00A38B51 /* ViewController.swift in Sources */,
				53EFEA4C20A2344D00A38B51 /* AppDelegate.swift in Sources */,
			);
			runOnlyForDeploymentPostprocessing = 0;
		};
/* End PBXSourcesBuildPhase section */

/* Begin PBXVariantGroup section */
		53EFEA4F20A2344D00A38B51 /* Main.storyboard */ = {
			isa = PBXVariantGroup;
			children = (
				53EFEA5020A2344D00A38B51 /* Base */,
			);
			name = Main.storyboard;
			sourceTree = "<group>";
		};
		53EFEA5420A2344E00A38B51 /* LaunchScreen.storyboard */ = {
			isa = PBXVariantGroup;
			children = (
				53EFEA5520A2344E00A38B51 /* Base */,
			);
			name = LaunchScreen.storyboard;
			sourceTree = "<group>";
		};
/* End PBXVariantGroup section */

/* Begin XCBuildConfiguration section */
		53EFEA5820A2344E00A38B51 /* Debug */ = {
			isa = XCBuildConfiguration;
			buildSettings = {
				ALWAYS_SEARCH_USER_PATHS = NO;
				CLANG_ANALYZER_NONNULL = YES;
				CLANG_ANALYZER_NUMBER_OBJECT_CONVERSION = YES_AGGRESSIVE;
				CLANG_CXX_LANGUAGE_STANDARD = "gnu++14";
				CLANG_CXX_LIBRARY = "libc++";
				CLANG_ENABLE_MODULES = YES;
				CLANG_ENABLE_OBJC_ARC = YES;
				CLANG_ENABLE_OBJC_WEAK = YES;
				CLANG_WARN_BLOCK_CAPTURE_AUTORELEASING = YES;
				CLANG_WARN_BOOL_CONVERSION = YES;
				CLANG_WARN_COMMA = YES;
				CLANG_WARN_CONSTANT_CONVERSION = YES;
				CLANG_WARN_DEPRECATED_OBJC_IMPLEMENTATIONS = YES;
				CLANG_WARN_DIRECT_OBJC_ISA_USAGE = YES_ERROR;
				CLANG_WARN_DOCUMENTATION_COMMENTS = YES;
				CLANG_WARN_EMPTY_BODY = YES;
				CLANG_WARN_ENUM_CONVERSION = YES;
				CLANG_WARN_INFINITE_RECURSION = YES;
				CLANG_WARN_INT_CONVERSION = YES;
				CLANG_WARN_NON_LITERAL_NULL_CONVERSION = YES;
				CLANG_WARN_OBJC_IMPLICIT_RETAIN_SELF = YES;
				CLANG_WARN_OBJC_LITERAL_CONVERSION = YES;
				CLANG_WARN_OBJC_ROOT_CLASS = YES_ERROR;
				CLANG_WARN_RANGE_LOOP_ANALYSIS = YES;
				CLANG_WARN_STRICT_PROTOTYPES = YES;
				CLANG_WARN_SUSPICIOUS_MOVE = YES;
				CLANG_WARN_UNGUARDED_AVAILABILITY = YES_AGGRESSIVE;
				CLANG_WARN_UNREACHABLE_CODE = YES;
				CLANG_WARN__DUPLICATE_METHOD_MATCH = YES;
				CODE_SIGN_IDENTITY = "iPhone Developer";
				COPY_PHASE_STRIP = NO;
				DEBUG_INFORMATION_FORMAT = dwarf;
				ENABLE_STRICT_OBJC_MSGSEND = YES;
				ENABLE_TESTABILITY = YES;
				GCC_C_LANGUAGE_STANDARD = gnu11;
				GCC_DYNAMIC_NO_PIC = NO;
				GCC_NO_COMMON_BLOCKS = YES;
				GCC_OPTIMIZATION_LEVEL = 0;
				GCC_PREPROCESSOR_DEFINITIONS = (
					"DEBUG=1",
					"$(inherited)",
				);
				GCC_WARN_64_TO_32_BIT_CONVERSION = YES;
				GCC_WARN_ABOUT_RETURN_TYPE = YES_ERROR;
				GCC_WARN_UNDECLARED_SELECTOR = YES;
				GCC_WARN_UNINITIALIZED_AUTOS = YES_AGGRESSIVE;
				GCC_WARN_UNUSED_FUNCTION = YES;
				GCC_WARN_UNUSED_VARIABLE = YES;
				IPHONEOS_DEPLOYMENT_TARGET = 11.3;
				MTL_ENABLE_DEBUG_INFO = YES;
				ONLY_ACTIVE_ARCH = YES;
				SDKROOT = iphoneos;
				SWIFT_ACTIVE_COMPILATION_CONDITIONS = DEBUG;
				SWIFT_OPTIMIZATION_LEVEL = "-Onone";
			};
			name = Debug;
		};
		53EFEA5920A2344E00A38B51 /* Release */ = {
			isa = XCBuildConfiguration;
			buildSettings = {
				ALWAYS_SEARCH_USER_PATHS = NO;
				CLANG_ANALYZER_NONNULL = YES;
				CLANG_ANALYZER_NUMBER_OBJECT_CONVERSION = YES_AGGRESSIVE;
				CLANG_CXX_LANGUAGE_STANDARD = "gnu++14";
				CLANG_CXX_LIBRARY = "libc++";
				CLANG_ENABLE_MODULES = YES;
				CLANG_ENABLE_OBJC_ARC = YES;
				CLANG_ENABLE_OBJC_WEAK = YES;
				CLANG_WARN_BLOCK_CAPTURE_AUTORELEASING = YES;
				CLANG_WARN_BOOL_CONVERSION = YES;
				CLANG_WARN_COMMA = YES;
				CLANG_WARN_CONSTANT_CONVERSION = YES;
				CLANG_WARN_DEPRECATED_OBJC_IMPLEMENTATIONS = YES;
				CLANG_WARN_DIRECT_OBJC_ISA_USAGE = YES_ERROR;
				CLANG_WARN_DOCUMENTATION_COMMENTS = YES;
				CLANG_WARN_EMPTY_BODY = YES;
				CLANG_WARN_ENUM_CONVERSION = YES;
				CLANG_WARN_INFINITE_RECURSION = YES;
				CLANG_WARN_INT_CONVERSION = YES;
				CLANG_WARN_NON_LITERAL_NULL_CONVERSION = YES;
				CLANG_WARN_OBJC_IMPLICIT_RETAIN_SELF = YES;
				CLANG_WARN_OBJC_LITERAL_CONVERSION = YES;
				CLANG_WARN_OBJC_ROOT_CLASS = YES_ERROR;
				CLANG_WARN_RANGE_LOOP_ANALYSIS = YES;
				CLANG_WARN_STRICT_PROTOTYPES = YES;
				CLANG_WARN_SUSPICIOUS_MOVE = YES;
				CLANG_WARN_UNGUARDED_AVAILABILITY = YES_AGGRESSIVE;
				CLANG_WARN_UNREACHABLE_CODE = YES;
				CLANG_WARN__DUPLICATE_METHOD_MATCH = YES;
				CODE_SIGN_IDENTITY = "iPhone Developer";
				COPY_PHASE_STRIP = NO;
				DEBUG_INFORMATION_FORMAT = "dwarf-with-dsym";
				ENABLE_NS_ASSERTIONS = NO;
				ENABLE_STRICT_OBJC_MSGSEND = YES;
				GCC_C_LANGUAGE_STANDARD = gnu11;
				GCC_NO_COMMON_BLOCKS = YES;
				GCC_WARN_64_TO_32_BIT_CONVERSION = YES;
				GCC_WARN_ABOUT_RETURN_TYPE = YES_ERROR;
				GCC_WARN_UNDECLARED_SELECTOR = YES;
				GCC_WARN_UNINITIALIZED_AUTOS = YES_AGGRESSIVE;
				GCC_WARN_UNUSED_FUNCTION = YES;
				GCC_WARN_UNUSED_VARIABLE = YES;
				IPHONEOS_DEPLOYMENT_TARGET = 11.3;
				MTL_ENABLE_DEBUG_INFO = NO;
				SDKROOT = iphoneos;
				SWIFT_COMPILATION_MODE = wholemodule;
				SWIFT_OPTIMIZATION_LEVEL = "-O";
				VALIDATE_PRODUCT = YES;
			};
			name = Release;
		};
		53EFEA5B20A2344E00A38B51 /* Debug */ = {
			isa = XCBuildConfiguration;
			buildSettings = {
				ASSETCATALOG_COMPILER_APPICON_NAME = AppIcon;
				CODE_SIGN_STYLE = Automatic;
				INFOPLIST_FILE = blackjack/Info.plist;
				LD_RUNPATH_SEARCH_PATHS = (
					"$(inherited)",
					"@executable_path/Frameworks",
				);
				PRODUCT_BUNDLE_IDENTIFIER = walter.guille.ulima.blackjack;
				PRODUCT_NAME = "$(TARGET_NAME)";
				SWIFT_VERSION = 4.0;
				TARGETED_DEVICE_FAMILY = "1,2";
			};
			name = Debug;
		};
		53EFEA5C20A2344E00A38B51 /* Release */ = {
			isa = XCBuildConfiguration;
			buildSettings = {
				ASSETCATALOG_COMPILER_APPICON_NAME = AppIcon;
				CODE_SIGN_STYLE = Automatic;
				INFOPLIST_FILE = blackjack/Info.plist;
				LD_RUNPATH_SEARCH_PATHS = (
					"$(inherited)",
					"@executable_path/Frameworks",
				);
				PRODUCT_BUNDLE_IDENTIFIER = walter.guille.ulima.blackjack;
				PRODUCT_NAME = "$(TARGET_NAME)";
				SWIFT_VERSION = 4.0;
				TARGETED_DEVICE_FAMILY = "1,2";
			};
			name = Release;
		};
/* End XCBuildConfiguration section */

/* Begin XCConfigurationList section */
		53EFEA4320A2344D00A38B51 /* Build configuration list for PBXProject "blackjack" */ = {
			isa = XCConfigurationList;
			buildConfigurations = (
				53EFEA5820A2344E00A38B51 /* Debug */,
				53EFEA5920A2344E00A38B51 /* Release */,
			);
			defaultConfigurationIsVisible = 0;
			defaultConfigurationName = Release;
		};
		53EFEA5A20A2344E00A38B51 /* Build configuration list for PBXNativeTarget "blackjack" */ = {
			isa = XCConfigurationList;
			buildConfigurations = (
				53EFEA5B20A2344E00A38B51 /* Debug */,
				53EFEA5C20A2344E00A38B51 /* Release */,
			);
			defaultConfigurationIsVisible = 0;
			defaultConfigurationName = Release;
		};
/* End XCConfigurationList section */
	};
	rootObject = 53EFEA4020A2344D00A38B51 /* Project object */;
}
